
Microsoft Visual Studio Solution File, Format Version 12.00
# Visual Studio Version 17
VisualStudioVersion = 17.4.33205.214
MinimumVisualStudioVersion = 10.0.40219.1
Project("{8BC9CEB8-8B4A-11D0-8D11-00A0C91BC942}") = "NOTANOTHERBOULDERDASHCLONE", "NOTANOTHERBOULDERDASHCLONE\NOTANOTHERBOULDERDASHCLONE.vcxproj", "{15960FF3-3077-4EF9-976B-DD824C75D949}"
EndProject
Project("{2150E333-8FDC-42A3-9474-1A3956D46DE8}") = "Solution Items", "Solution Items", "{FF400C5B-E1E3-41C4-AFC8-0513790EF7EE}"
EndProject
Global
	GlobalSection(SolutionConfigurationPlatforms) = preSolution
		Debug|x64 = Debug|x64
		Debug|x86 = Debug|x86
		Release|x64 = Release|x64
		Release|x86 = Release|x86
	EndGlobalSection
	GlobalSection(ProjectConfigurationPlatforms) = postSolution
		{15960FF3-3077-4EF9-976B-DD824C75D949}.Debug|x64.ActiveCfg = Debug|x64
		{15960FF3-3077-4EF9-976B-DD824C75D949}.Debug|x64.Build.0 = Debug|x64
		{15960FF3-3077-4EF9-976B-DD824C75D949}.Debug|x86.ActiveCfg = Debug|Win32
		{15960FF3-3077-4EF9-976B-DD824C75D949}.Debug|x86.Build.0 = Debug|Win32
		{15960FF3-3077-4EF9-976B-DD824C75D949}.Release|x64.ActiveCfg = Release|x64
		{15960FF3-3077-4EF9-976B-DD824C75D949}.Release|x64.Build.0 = Release|x64
		{15960FF3-3077-4EF9-976B-DD824C75D949}.Release|x86.ActiveCfg = Release|Win32
		{15960FF3-3077-4EF9-976B-DD824C75D949}.Release|x86.Build.0 = Release|Win32
	EndGlobalSection
	GlobalSection(SolutionProperties) = preSolution
		HideSolutionNode = FALSE
	EndGlobalSection
	GlobalSection(ExtensibilityGlobals) = postSolution
		SolutionGuid = {7D61EC7B-BCF4-4935-BA7E-44B106CE47EF}
	EndGlobalSection
EndGlobal
